
Microsoft Visual Studio Solution File, Format Version 12.00
# Visual Studio Version 16
VisualStudioVersion = 16.0.30204.135
MinimumVisualStudioVersion = 10.0.40219.1
Project("{FAE04EC0-301F-11D3-BF4B-00C04F79EFBC}") = "ExampleVsGit", "ExampleVsGit\ExampleVsGit.csproj", "{367F1B30-5942-41F7-BB63-C2395A5223E6}"
EndProject
Global
	GlobalSection(SolutionConfigurationPlatforms) = preSolution
		Debug|Any CPU = Debug|Any CPU
		Release|Any CPU = Release|Any CPU
	EndGlobalSection
	GlobalSection(ProjectConfigurationPlatforms) = postSolution
		{367F1B30-5942-41F7-BB63-C2395A5223E6}.Debug|Any CPU.ActiveCfg = Debug|Any CPU
		{367F1B30-5942-41F7-BB63-C2395A5223E6}.Debug|Any CPU.Build.0 = Debug|Any CPU
		{367F1B30-5942-41F7-BB63-C2395A5223E6}.Release|Any CPU.ActiveCfg = Release|Any CPU
		{367F1B30-5942-41F7-BB63-C2395A5223E6}.Release|Any CPU.Build.0 = Release|Any CPU
	EndGlobalSection
	GlobalSection(SolutionProperties) = preSolution
		HideSolutionNode = FALSE
	EndGlobalSection
	GlobalSection(ExtensibilityGlobals) = postSolution
		SolutionGuid = {B99946B4-C19A-4052-8467-D375DE776CD4}
	EndGlobalSection
EndGlobal
